
Microsoft Visual Studio Solution File, Format Version 12.00
# Visual Studio 15
VisualStudioVersion = 15.0.28307.572
MinimumVisualStudioVersion = 10.0.40219.1
Project("{9A19103F-16F7-4668-BE54-9A1E7A4F7556}") = "Part2_1", "Part2_1\Part2_1.csproj", "{D772639F-9E28-40A3-8E4D-8071DA364459}"
EndProject
Project("{2150E333-8FDC-42A3-9474-1A3956D46DE8}") = "Part3", "Part3", "{6E1FE25A-8460-41E2-9698-E9CE6725A86E}"
EndProject
Project("{9A19103F-16F7-4668-BE54-9A1E7A4F7556}") = "ProcessVideoStarter", "Part3\ProcessVideoStarter\ProcessVideoStarter.csproj", "{31F1B6F2-8B2A-4395-83A3-69F87373F605}"
EndProject
Project("{2150E333-8FDC-42A3-9474-1A3956D46DE8}") = "OriginalMaterials", "OriginalMaterials", "{F1746DFB-8809-445D-8FEB-1D970CE5C389}"
EndProject
Project("{2150E333-8FDC-42A3-9474-1A3956D46DE8}") = "03", "03", "{9FDCAFFA-FB84-4119-81CA-AC6A3D562C22}"
EndProject
Project("{9A19103F-16F7-4668-BE54-9A1E7A4F7556}") = "VideoProcessor", "OriginalMaterials\03\demos\end-of-m2\VideoProcessor\VideoProcessor.csproj", "{973CD602-08A1-4836-BB3F-ACDCA7A52188}"
EndProject
Project("{2150E333-8FDC-42A3-9474-1A3956D46DE8}") = "04", "04", "{DF7386F7-56DC-412B-9031-085ED6786BF1}"
EndProject
Project("{2150E333-8FDC-42A3-9474-1A3956D46DE8}") = "05", "05", "{DEB88CFE-98C7-4D32-B3B0-7AC8D69BEDE1}"
EndProject
Project("{2150E333-8FDC-42A3-9474-1A3956D46DE8}") = "06", "06", "{61D13DD1-1EBB-47C5-BFE2-4492D86CB8D9}"
EndProject
Project("{2150E333-8FDC-42A3-9474-1A3956D46DE8}") = "07", "07", "{20D93893-2296-480F-B7DA-9DEA6C14B645}"
EndProject
Project("{2150E333-8FDC-42A3-9474-1A3956D46DE8}") = "08", "08", "{BAE0D436-36CE-4CD5-9EA5-6E5477409DC3}"
EndProject
Project("{9A19103F-16F7-4668-BE54-9A1E7A4F7556}") = "VideoProcessor", "OriginalMaterials\04\demos\code\VideoProcessor\VideoProcessor.csproj", "{C7757562-8003-4817-87B8-4B4AB1A4008A}"
EndProject
Project("{9A19103F-16F7-4668-BE54-9A1E7A4F7556}") = "VideoProcessor", "OriginalMaterials\05\demos\code\VideoProcessor\VideoProcessor.csproj", "{C96D6263-4A71-476C-B3EC-FFF0F453D784}"
EndProject
Project("{9A19103F-16F7-4668-BE54-9A1E7A4F7556}") = "VideoProcessor", "OriginalMaterials\06\demos\code\VideoProcessor\VideoProcessor.csproj", "{FC9479A6-20C4-4CDB-8302-248BFDBBF9A7}"
EndProject
Project("{9A19103F-16F7-4668-BE54-9A1E7A4F7556}") = "VideoProcessor", "OriginalMaterials\07\demos\code\VideoProcessor\VideoProcessor.csproj", "{172564CC-5026-4D95-BE7E-D7B2D886D1F2}"
EndProject
Project("{2150E333-8FDC-42A3-9474-1A3956D46DE8}") = "mpeg_proc", "mpeg_proc", "{5393ED3D-9936-4D91-9259-966EAA552662}"
EndProject
Project("{2150E333-8FDC-42A3-9474-1A3956D46DE8}") = "proc_v1", "proc_v1", "{496BABB2-BEDB-4D1F-855A-2FC694D7B2C9}"
EndProject
Project("{2150E333-8FDC-42A3-9474-1A3956D46DE8}") = "proc_v2", "proc_v2", "{728F4FC4-2A86-4820-A76C-DAB4BDBCDB2E}"
EndProject
Project("{9A19103F-16F7-4668-BE54-9A1E7A4F7556}") = "DurableFunctionVideoProcessor", "OriginalMaterials\08\demos\video-processor-ffmpeg\DurableFunctionVideoProcessor\DurableFunctionVideoProcessor.csproj", "{8EA520A3-230B-453E-A5B6-C0034B018F9B}"
EndProject
Project("{9A19103F-16F7-4668-BE54-9A1E7A4F7556}") = "VideoProcessor", "OriginalMaterials\08\demos\video-processor-v1\VideoProcessor\VideoProcessor.csproj", "{5F4BC87D-AFB7-430E-B95E-919106CE2597}"
EndProject
Project("{9A19103F-16F7-4668-BE54-9A1E7A4F7556}") = "VideoProcessorV2", "OriginalMaterials\08\demos\video-processor-v2\VideoProcessorV2\VideoProcessorV2.csproj", "{41F2C9CE-9688-4CFF-9815-D414BB1A5109}"
EndProject
Global
	GlobalSection(SolutionConfigurationPlatforms) = preSolution
		Debug|Any CPU = Debug|Any CPU
		Release|Any CPU = Release|Any CPU
	EndGlobalSection
	GlobalSection(ProjectConfigurationPlatforms) = postSolution
		{D772639F-9E28-40A3-8E4D-8071DA364459}.Debug|Any CPU.ActiveCfg = Debug|Any CPU
		{D772639F-9E28-40A3-8E4D-8071DA364459}.Debug|Any CPU.Build.0 = Debug|Any CPU
		{D772639F-9E28-40A3-8E4D-8071DA364459}.Release|Any CPU.ActiveCfg = Release|Any CPU
		{D772639F-9E28-40A3-8E4D-8071DA364459}.Release|Any CPU.Build.0 = Release|Any CPU
		{31F1B6F2-8B2A-4395-83A3-69F87373F605}.Debug|Any CPU.ActiveCfg = Debug|Any CPU
		{31F1B6F2-8B2A-4395-83A3-69F87373F605}.Debug|Any CPU.Build.0 = Debug|Any CPU
		{31F1B6F2-8B2A-4395-83A3-69F87373F605}.Release|Any CPU.ActiveCfg = Release|Any CPU
		{31F1B6F2-8B2A-4395-83A3-69F87373F605}.Release|Any CPU.Build.0 = Release|Any CPU
		{973CD602-08A1-4836-BB3F-ACDCA7A52188}.Debug|Any CPU.ActiveCfg = Debug|Any CPU
		{973CD602-08A1-4836-BB3F-ACDCA7A52188}.Debug|Any CPU.Build.0 = Debug|Any CPU
		{973CD602-08A1-4836-BB3F-ACDCA7A52188}.Release|Any CPU.ActiveCfg = Release|Any CPU
		{973CD602-08A1-4836-BB3F-ACDCA7A52188}.Release|Any CPU.Build.0 = Release|Any CPU
		{C7757562-8003-4817-87B8-4B4AB1A4008A}.Debug|Any CPU.ActiveCfg = Debug|Any CPU
		{C7757562-8003-4817-87B8-4B4AB1A4008A}.Debug|Any CPU.Build.0 = Debug|Any CPU
		{C7757562-8003-4817-87B8-4B4AB1A4008A}.Release|Any CPU.ActiveCfg = Release|Any CPU
		{C7757562-8003-4817-87B8-4B4AB1A4008A}.Release|Any CPU.Build.0 = Release|Any CPU
		{C96D6263-4A71-476C-B3EC-FFF0F453D784}.Debug|Any CPU.ActiveCfg = Debug|Any CPU
		{C96D6263-4A71-476C-B3EC-FFF0F453D784}.Debug|Any CPU.Build.0 = Debug|Any CPU
		{C96D6263-4A71-476C-B3EC-FFF0F453D784}.Release|Any CPU.ActiveCfg = Release|Any CPU
		{C96D6263-4A71-476C-B3EC-FFF0F453D784}.Release|Any CPU.Build.0 = Release|Any CPU
		{FC9479A6-20C4-4CDB-8302-248BFDBBF9A7}.Debug|Any CPU.ActiveCfg = Debug|Any CPU
		{FC9479A6-20C4-4CDB-8302-248BFDBBF9A7}.Debug|Any CPU.Build.0 = Debug|Any CPU
		{FC9479A6-20C4-4CDB-8302-248BFDBBF9A7}.Release|Any CPU.ActiveCfg = Release|Any CPU
		{FC9479A6-20C4-4CDB-8302-248BFDBBF9A7}.Release|Any CPU.Build.0 = Release|Any CPU
		{172564CC-5026-4D95-BE7E-D7B2D886D1F2}.Debug|Any CPU.ActiveCfg = Debug|Any CPU
		{172564CC-5026-4D95-BE7E-D7B2D886D1F2}.Debug|Any CPU.Build.0 = Debug|Any CPU
		{172564CC-5026-4D95-BE7E-D7B2D886D1F2}.Release|Any CPU.ActiveCfg = Release|Any CPU
		{172564CC-5026-4D95-BE7E-D7B2D886D1F2}.Release|Any CPU.Build.0 = Release|Any CPU
		{8EA520A3-230B-453E-A5B6-C0034B018F9B}.Debug|Any CPU.ActiveCfg = Debug|Any CPU
		{8EA520A3-230B-453E-A5B6-C0034B018F9B}.Debug|Any CPU.Build.0 = Debug|Any CPU
		{8EA520A3-230B-453E-A5B6-C0034B018F9B}.Release|Any CPU.ActiveCfg = Release|Any CPU
		{8EA520A3-230B-453E-A5B6-C0034B018F9B}.Release|Any CPU.Build.0 = Release|Any CPU
		{5F4BC87D-AFB7-430E-B95E-919106CE2597}.Debug|Any CPU.ActiveCfg = Debug|Any CPU
		{5F4BC87D-AFB7-430E-B95E-919106CE2597}.Debug|Any CPU.Build.0 = Debug|Any CPU
		{5F4BC87D-AFB7-430E-B95E-919106CE2597}.Release|Any CPU.ActiveCfg = Release|Any CPU
		{5F4BC87D-AFB7-430E-B95E-919106CE2597}.Release|Any CPU.Build.0 = Release|Any CPU
		{41F2C9CE-9688-4CFF-9815-D414BB1A5109}.Debug|Any CPU.ActiveCfg = Debug|Any CPU
		{41F2C9CE-9688-4CFF-9815-D414BB1A5109}.Debug|Any CPU.Build.0 = Debug|Any CPU
		{41F2C9CE-9688-4CFF-9815-D414BB1A5109}.Release|Any CPU.ActiveCfg = Release|Any CPU
		{41F2C9CE-9688-4CFF-9815-D414BB1A5109}.Release|Any CPU.Build.0 = Release|Any CPU
	EndGlobalSection
	GlobalSection(SolutionProperties) = preSolution
		HideSolutionNode = FALSE
	EndGlobalSection
	GlobalSection(NestedProjects) = preSolution
		{31F1B6F2-8B2A-4395-83A3-69F87373F605} = {6E1FE25A-8460-41E2-9698-E9CE6725A86E}
		{9FDCAFFA-FB84-4119-81CA-AC6A3D562C22} = {F1746DFB-8809-445D-8FEB-1D970CE5C389}
		{973CD602-08A1-4836-BB3F-ACDCA7A52188} = {9FDCAFFA-FB84-4119-81CA-AC6A3D562C22}
		{DF7386F7-56DC-412B-9031-085ED6786BF1} = {F1746DFB-8809-445D-8FEB-1D970CE5C389}
		{DEB88CFE-98C7-4D32-B3B0-7AC8D69BEDE1} = {F1746DFB-8809-445D-8FEB-1D970CE5C389}
		{61D13DD1-1EBB-47C5-BFE2-4492D86CB8D9} = {F1746DFB-8809-445D-8FEB-1D970CE5C389}
		{20D93893-2296-480F-B7DA-9DEA6C14B645} = {F1746DFB-8809-445D-8FEB-1D970CE5C389}
		{BAE0D436-36CE-4CD5-9EA5-6E5477409DC3} = {F1746DFB-8809-445D-8FEB-1D970CE5C389}
		{C7757562-8003-4817-87B8-4B4AB1A4008A} = {DF7386F7-56DC-412B-9031-085ED6786BF1}
		{C96D6263-4A71-476C-B3EC-FFF0F453D784} = {DEB88CFE-98C7-4D32-B3B0-7AC8D69BEDE1}
		{FC9479A6-20C4-4CDB-8302-248BFDBBF9A7} = {61D13DD1-1EBB-47C5-BFE2-4492D86CB8D9}
		{172564CC-5026-4D95-BE7E-D7B2D886D1F2} = {20D93893-2296-480F-B7DA-9DEA6C14B645}
		{5393ED3D-9936-4D91-9259-966EAA552662} = {BAE0D436-36CE-4CD5-9EA5-6E5477409DC3}
		{496BABB2-BEDB-4D1F-855A-2FC694D7B2C9} = {BAE0D436-36CE-4CD5-9EA5-6E5477409DC3}
		{728F4FC4-2A86-4820-A76C-DAB4BDBCDB2E} = {BAE0D436-36CE-4CD5-9EA5-6E5477409DC3}
		{8EA520A3-230B-453E-A5B6-C0034B018F9B} = {5393ED3D-9936-4D91-9259-966EAA552662}
		{5F4BC87D-AFB7-430E-B95E-919106CE2597} = {496BABB2-BEDB-4D1F-855A-2FC694D7B2C9}
		{41F2C9CE-9688-4CFF-9815-D414BB1A5109} = {728F4FC4-2A86-4820-A76C-DAB4BDBCDB2E}
	EndGlobalSection
	GlobalSection(ExtensibilityGlobals) = postSolution
		SolutionGuid = {1049F903-C5E9-4CFF-97A2-62C0B54338B6}
	EndGlobalSection
EndGlobal
